
Microsoft Visual Studio Solution File, Format Version 12.00
# Visual Studio Version 17
VisualStudioVersion = 17.6.33712.159
MinimumVisualStudioVersion = 10.0.40219.1
Project("{9A19103F-16F7-4668-BE54-9A1E7A4F7556}") = "GraphicsApp.Client.WinForms", "src\GraphicsApp.Client.WinForms\GraphicsApp.Client.WinForms.csproj", "{AC1269DE-EECB-4AF9-8CED-84DD3FFABD00}"
EndProject
Project("{FAE04EC0-301F-11D3-BF4B-00C04F79EFBC}") = "GraphicsApp", "src\GraphicsApp\GraphicsApp.csproj", "{6E120018-6FD7-419A-BD58-993708059737}"
EndProject
Project("{2150E333-8FDC-42A3-9474-1A3956D46DE8}") = "src", "src", "{7FAECA03-B954-4F52-98C2-6348C1A387E1}"
EndProject
Global
	GlobalSection(SolutionConfigurationPlatforms) = preSolution
		Debug|Any CPU = Debug|Any CPU
		Release|Any CPU = Release|Any CPU
	EndGlobalSection
	GlobalSection(ProjectConfigurationPlatforms) = postSolution
		{AC1269DE-EECB-4AF9-8CED-84DD3FFABD00}.Debug|Any CPU.ActiveCfg = Debug|Any CPU
		{AC1269DE-EECB-4AF9-8CED-84DD3FFABD00}.Debug|Any CPU.Build.0 = Debug|Any CPU
		{AC1269DE-EECB-4AF9-8CED-84DD3FFABD00}.Release|Any CPU.ActiveCfg = Release|Any CPU
		{AC1269DE-EECB-4AF9-8CED-84DD3FFABD00}.Release|Any CPU.Build.0 = Release|Any CPU
		{6E120018-6FD7-419A-BD58-993708059737}.Debug|Any CPU.ActiveCfg = Debug|Any CPU
		{6E120018-6FD7-419A-BD58-993708059737}.Debug|Any CPU.Build.0 = Debug|Any CPU
		{6E120018-6FD7-419A-BD58-993708059737}.Release|Any CPU.ActiveCfg = Release|Any CPU
		{6E120018-6FD7-419A-BD58-993708059737}.Release|Any CPU.Build.0 = Release|Any CPU
	EndGlobalSection
	GlobalSection(SolutionProperties) = preSolution
		HideSolutionNode = FALSE
	EndGlobalSection
	GlobalSection(NestedProjects) = preSolution
		{AC1269DE-EECB-4AF9-8CED-84DD3FFABD00} = {7FAECA03-B954-4F52-98C2-6348C1A387E1}
		{6E120018-6FD7-419A-BD58-993708059737} = {7FAECA03-B954-4F52-98C2-6348C1A387E1}
	EndGlobalSection
	GlobalSection(ExtensibilityGlobals) = postSolution
		SolutionGuid = {96648023-ECE1-4D9C-8020-64750932FD21}
	EndGlobalSection
EndGlobal
